
Microsoft Visual Studio Solution File, Format Version 12.00
# Visual Studio Version 16
VisualStudioVersion = 16.0.29926.136
MinimumVisualStudioVersion = 10.0.40219.1
Project("{FAE04EC0-301F-11D3-BF4B-00C04F79EFBC}") = "RabbitMQ_Exaple_WortToPdf.Producer", "RabbitMQ_Exaple_WortToPdf.Producer\RabbitMQ_Exaple_WortToPdf.Producer.csproj", "{55C58B3C-6B2E-4C40-9690-1B3C36AD0BFB}"
EndProject
Global
	GlobalSection(SolutionConfigurationPlatforms) = preSolution
		Debug|Any CPU = Debug|Any CPU
		Release|Any CPU = Release|Any CPU
	EndGlobalSection
	GlobalSection(ProjectConfigurationPlatforms) = postSolution
		{55C58B3C-6B2E-4C40-9690-1B3C36AD0BFB}.Debug|Any CPU.ActiveCfg = Debug|Any CPU
		{55C58B3C-6B2E-4C40-9690-1B3C36AD0BFB}.Debug|Any CPU.Build.0 = Debug|Any CPU
		{55C58B3C-6B2E-4C40-9690-1B3C36AD0BFB}.Release|Any CPU.ActiveCfg = Release|Any CPU
		{55C58B3C-6B2E-4C40-9690-1B3C36AD0BFB}.Release|Any CPU.Build.0 = Release|Any CPU
	EndGlobalSection
	GlobalSection(SolutionProperties) = preSolution
		HideSolutionNode = FALSE
	EndGlobalSection
	GlobalSection(ExtensibilityGlobals) = postSolution
		SolutionGuid = {B70AEE55-6F8F-46AD-AE85-2AD445293DF7}
	EndGlobalSection
EndGlobal
